
Microsoft Visual Studio Solution File, Format Version 12.00
# Visual Studio Version 17
VisualStudioVersion = 17.0.31903.59
MinimumVisualStudioVersion = 10.0.40219.1
Project("{2150E333-8FDC-42A3-9474-1A3956D46DE8}") = "Solution Items", "Solution Items", "{8EC462FD-D22E-90A8-E5CE-7E832BA40C5D}"
	ProjectSection(SolutionItems) = preProject
		.editorconfig = .editorconfig
		docker-compose.yml = docker-compose.yml
		NuGet.config = NuGet.config
	EndProjectSection
EndProject
Project("{2150E333-8FDC-42A3-9474-1A3956D46DE8}") = "Authorization", "Authorization", "{02EA681E-C7D8-13C7-8484-4AC65E1B71E8}"
EndProject
Project("{2150E333-8FDC-42A3-9474-1A3956D46DE8}") = "Offices", "Offices", "{F62D975A-5469-4007-9931-68337015A75B}"
EndProject
Project("{FAE04EC0-301F-11D3-BF4B-00C04F79EFBC}") = "API", "Offices\API\API.csproj", "{5FA88D21-D32A-E894-491F-FD4BD85CC68B}"
EndProject
Project("{FAE04EC0-301F-11D3-BF4B-00C04F79EFBC}") = "Application", "Offices\Application\Application.csproj", "{6E4A6072-7A35-4378-DC7B-66EC22D63AB4}"
EndProject
Project("{FAE04EC0-301F-11D3-BF4B-00C04F79EFBC}") = "Domain", "Offices\Domain\Domain.csproj", "{CE16D51B-4816-EE2A-FEE2-3031DA916B1C}"
EndProject
Project("{FAE04EC0-301F-11D3-BF4B-00C04F79EFBC}") = "Infrastructure", "Offices\Infrastructure\Infrastructure.csproj", "{59FC2917-3326-9D31-F6EC-AEC6E4F599EA}"
EndProject
Project("{FAE04EC0-301F-11D3-BF4B-00C04F79EFBC}") = "API", "Authorization\API\API.csproj", "{DAF84485-A11B-CDD6-E244-3E9163F4CE1D}"
EndProject
Project("{FAE04EC0-301F-11D3-BF4B-00C04F79EFBC}") = "Application", "Authorization\Application\Application.csproj", "{ACF2AE73-6B9D-439E-B68B-213E0DE04EBC}"
EndProject
Project("{FAE04EC0-301F-11D3-BF4B-00C04F79EFBC}") = "Domain", "Authorization\Domain\Domain.csproj", "{8638D51B-C838-B916-BDBC-21AB299F472A}"
EndProject
Project("{FAE04EC0-301F-11D3-BF4B-00C04F79EFBC}") = "Infrastructure", "Authorization\Infrastructure\Infrastructure.csproj", "{17C7C933-AC09-C633-FF2D-D2C37D0F66E9}"
EndProject
Project("{2150E333-8FDC-42A3-9474-1A3956D46DE8}") = "Profiles", "Profiles", "{5E334CFC-42B7-4A6D-B598-5B0612E4E860}"
EndProject
Project("{FAE04EC0-301F-11D3-BF4B-00C04F79EFBC}") = "API", "Profiles\API\API.csproj", "{E11E9035-3AEA-0DF0-7CBC-2BB6D4B6153F}"
EndProject
Project("{FAE04EC0-301F-11D3-BF4B-00C04F79EFBC}") = "Application", "Profiles\Application\Application.csproj", "{5353DB00-3D3B-BC73-4999-43FBABA08430}"
EndProject
Project("{FAE04EC0-301F-11D3-BF4B-00C04F79EFBC}") = "Domain", "Profiles\Domain\Domain.csproj", "{B3457B7B-24D2-09D6-D2FE-0A61DBA21E26}"
EndProject
Project("{FAE04EC0-301F-11D3-BF4B-00C04F79EFBC}") = "Infrastructure", "Profiles\Infrastructure\Infrastructure.csproj", "{179EC748-2B43-3812-623B-2F1BB77ACBE2}"
EndProject
Project("{2150E333-8FDC-42A3-9474-1A3956D46DE8}") = "Services", "Services", "{99164415-BA54-42E7-B139-83E85274D517}"
EndProject
Project("{FAE04EC0-301F-11D3-BF4B-00C04F79EFBC}") = "API", "Services\API\API.csproj", "{DBE5C80A-B3B0-4E73-B6DC-69D67E454799}"
EndProject
Project("{FAE04EC0-301F-11D3-BF4B-00C04F79EFBC}") = "Application", "Services\Application\Application.csproj", "{F442A259-926B-4FE5-A0AF-61AD175C54D3}"
EndProject
Project("{FAE04EC0-301F-11D3-BF4B-00C04F79EFBC}") = "Domain", "Services\Domain\Domain.csproj", "{7D55041D-BAB6-4AE0-A34F-9C4BB187D63A}"
EndProject
Project("{FAE04EC0-301F-11D3-BF4B-00C04F79EFBC}") = "Infrastructure", "Services\Infrastructure\Infrastructure.csproj", "{AA6392C9-C819-46C0-A7B5-4EC3C0D76796}"
EndProject
Project("{FAE04EC0-301F-11D3-BF4B-00C04F79EFBC}") = "GatewayAPI", "GatewayAPI\GatewayAPI.csproj", "{6B3D92B6-DCB5-4D52-AAE5-FC7022CF37A1}"
EndProject
Project("{2150E333-8FDC-42A3-9474-1A3956D46DE8}") = "Saga", "Saga", "{547F36F0-8825-47FA-8B50-532634381C53}"
EndProject
Project("{FAE04EC0-301F-11D3-BF4B-00C04F79EFBC}") = "API", "Saga\API\API.csproj", "{E988B1FA-030B-441D-9DC4-EFE264858D1D}"
EndProject
Project("{FAE04EC0-301F-11D3-BF4B-00C04F79EFBC}") = "Application", "Saga\Application\Application.csproj", "{26644B70-2892-47BB-A860-91F6503B0C21}"
EndProject
Project("{FAE04EC0-301F-11D3-BF4B-00C04F79EFBC}") = "Domain", "Saga\Domain\Domain.csproj", "{F1B43277-AEDF-4832-9CC6-95B8CD66C9D0}"
EndProject
Project("{FAE04EC0-301F-11D3-BF4B-00C04F79EFBC}") = "Infrastructure", "Saga\Infrastructure\Infrastructure.csproj", "{09D35059-60AA-40EE-A5A8-1D281235C5CD}"
EndProject
Project("{FAE04EC0-301F-11D3-BF4B-00C04F79EFBC}") = "UnitTests", "Authorization\UnitTests\UnitTests.csproj", "{E2BFDDB7-C21D-48AF-8078-A5F3C268BF2B}"
EndProject
Global
	GlobalSection(SolutionConfigurationPlatforms) = preSolution
		Debug|Any CPU = Debug|Any CPU
		Release|Any CPU = Release|Any CPU
	EndGlobalSection
	GlobalSection(ProjectConfigurationPlatforms) = postSolution
		{5FA88D21-D32A-E894-491F-FD4BD85CC68B}.Debug|Any CPU.ActiveCfg = Debug|Any CPU
		{5FA88D21-D32A-E894-491F-FD4BD85CC68B}.Debug|Any CPU.Build.0 = Debug|Any CPU
		{5FA88D21-D32A-E894-491F-FD4BD85CC68B}.Release|Any CPU.ActiveCfg = Release|Any CPU
		{5FA88D21-D32A-E894-491F-FD4BD85CC68B}.Release|Any CPU.Build.0 = Release|Any CPU
		{6E4A6072-7A35-4378-DC7B-66EC22D63AB4}.Debug|Any CPU.ActiveCfg = Debug|Any CPU
		{6E4A6072-7A35-4378-DC7B-66EC22D63AB4}.Debug|Any CPU.Build.0 = Debug|Any CPU
		{6E4A6072-7A35-4378-DC7B-66EC22D63AB4}.Release|Any CPU.ActiveCfg = Release|Any CPU
		{6E4A6072-7A35-4378-DC7B-66EC22D63AB4}.Release|Any CPU.Build.0 = Release|Any CPU
		{CE16D51B-4816-EE2A-FEE2-3031DA916B1C}.Debug|Any CPU.ActiveCfg = Debug|Any CPU
		{CE16D51B-4816-EE2A-FEE2-3031DA916B1C}.Debug|Any CPU.Build.0 = Debug|Any CPU
		{CE16D51B-4816-EE2A-FEE2-3031DA916B1C}.Release|Any CPU.ActiveCfg = Release|Any CPU
		{CE16D51B-4816-EE2A-FEE2-3031DA916B1C}.Release|Any CPU.Build.0 = Release|Any CPU
		{59FC2917-3326-9D31-F6EC-AEC6E4F599EA}.Debug|Any CPU.ActiveCfg = Debug|Any CPU
		{59FC2917-3326-9D31-F6EC-AEC6E4F599EA}.Debug|Any CPU.Build.0 = Debug|Any CPU
		{59FC2917-3326-9D31-F6EC-AEC6E4F599EA}.Release|Any CPU.ActiveCfg = Release|Any CPU
		{59FC2917-3326-9D31-F6EC-AEC6E4F599EA}.Release|Any CPU.Build.0 = Release|Any CPU
		{DAF84485-A11B-CDD6-E244-3E9163F4CE1D}.Debug|Any CPU.ActiveCfg = Debug|Any CPU
		{DAF84485-A11B-CDD6-E244-3E9163F4CE1D}.Debug|Any CPU.Build.0 = Debug|Any CPU
		{DAF84485-A11B-CDD6-E244-3E9163F4CE1D}.Release|Any CPU.ActiveCfg = Release|Any CPU
		{DAF84485-A11B-CDD6-E244-3E9163F4CE1D}.Release|Any CPU.Build.0 = Release|Any CPU
		{ACF2AE73-6B9D-439E-B68B-213E0DE04EBC}.Debug|Any CPU.ActiveCfg = Debug|Any CPU
		{ACF2AE73-6B9D-439E-B68B-213E0DE04EBC}.Debug|Any CPU.Build.0 = Debug|Any CPU
		{ACF2AE73-6B9D-439E-B68B-213E0DE04EBC}.Release|Any CPU.ActiveCfg = Release|Any CPU
		{ACF2AE73-6B9D-439E-B68B-213E0DE04EBC}.Release|Any CPU.Build.0 = Release|Any CPU
		{8638D51B-C838-B916-BDBC-21AB299F472A}.Debug|Any CPU.ActiveCfg = Debug|Any CPU
		{8638D51B-C838-B916-BDBC-21AB299F472A}.Debug|Any CPU.Build.0 = Debug|Any CPU
		{8638D51B-C838-B916-BDBC-21AB299F472A}.Release|Any CPU.ActiveCfg = Release|Any CPU
		{8638D51B-C838-B916-BDBC-21AB299F472A}.Release|Any CPU.Build.0 = Release|Any CPU
		{17C7C933-AC09-C633-FF2D-D2C37D0F66E9}.Debug|Any CPU.ActiveCfg = Debug|Any CPU
		{17C7C933-AC09-C633-FF2D-D2C37D0F66E9}.Debug|Any CPU.Build.0 = Debug|Any CPU
		{17C7C933-AC09-C633-FF2D-D2C37D0F66E9}.Release|Any CPU.ActiveCfg = Release|Any CPU
		{17C7C933-AC09-C633-FF2D-D2C37D0F66E9}.Release|Any CPU.Build.0 = Release|Any CPU
		{E11E9035-3AEA-0DF0-7CBC-2BB6D4B6153F}.Debug|Any CPU.ActiveCfg = Debug|Any CPU
		{E11E9035-3AEA-0DF0-7CBC-2BB6D4B6153F}.Debug|Any CPU.Build.0 = Debug|Any CPU
		{E11E9035-3AEA-0DF0-7CBC-2BB6D4B6153F}.Release|Any CPU.ActiveCfg = Release|Any CPU
		{E11E9035-3AEA-0DF0-7CBC-2BB6D4B6153F}.Release|Any CPU.Build.0 = Release|Any CPU
		{5353DB00-3D3B-BC73-4999-43FBABA08430}.Debug|Any CPU.ActiveCfg = Debug|Any CPU
		{5353DB00-3D3B-BC73-4999-43FBABA08430}.Debug|Any CPU.Build.0 = Debug|Any CPU
		{5353DB00-3D3B-BC73-4999-43FBABA08430}.Release|Any CPU.ActiveCfg = Release|Any CPU
		{5353DB00-3D3B-BC73-4999-43FBABA08430}.Release|Any CPU.Build.0 = Release|Any CPU
		{B3457B7B-24D2-09D6-D2FE-0A61DBA21E26}.Debug|Any CPU.ActiveCfg = Debug|Any CPU
		{B3457B7B-24D2-09D6-D2FE-0A61DBA21E26}.Debug|Any CPU.Build.0 = Debug|Any CPU
		{B3457B7B-24D2-09D6-D2FE-0A61DBA21E26}.Release|Any CPU.ActiveCfg = Release|Any CPU
		{B3457B7B-24D2-09D6-D2FE-0A61DBA21E26}.Release|Any CPU.Build.0 = Release|Any CPU
		{179EC748-2B43-3812-623B-2F1BB77ACBE2}.Debug|Any CPU.ActiveCfg = Debug|Any CPU
		{179EC748-2B43-3812-623B-2F1BB77ACBE2}.Debug|Any CPU.Build.0 = Debug|Any CPU
		{179EC748-2B43-3812-623B-2F1BB77ACBE2}.Release|Any CPU.ActiveCfg = Release|Any CPU
		{179EC748-2B43-3812-623B-2F1BB77ACBE2}.Release|Any CPU.Build.0 = Release|Any CPU
		{DBE5C80A-B3B0-4E73-B6DC-69D67E454799}.Debug|Any CPU.ActiveCfg = Debug|Any CPU
		{DBE5C80A-B3B0-4E73-B6DC-69D67E454799}.Debug|Any CPU.Build.0 = Debug|Any CPU
		{DBE5C80A-B3B0-4E73-B6DC-69D67E454799}.Release|Any CPU.ActiveCfg = Release|Any CPU
		{DBE5C80A-B3B0-4E73-B6DC-69D67E454799}.Release|Any CPU.Build.0 = Release|Any CPU
		{F442A259-926B-4FE5-A0AF-61AD175C54D3}.Debug|Any CPU.ActiveCfg = Debug|Any CPU
		{F442A259-926B-4FE5-A0AF-61AD175C54D3}.Debug|Any CPU.Build.0 = Debug|Any CPU
		{F442A259-926B-4FE5-A0AF-61AD175C54D3}.Release|Any CPU.ActiveCfg = Release|Any CPU
		{F442A259-926B-4FE5-A0AF-61AD175C54D3}.Release|Any CPU.Build.0 = Release|Any CPU
		{7D55041D-BAB6-4AE0-A34F-9C4BB187D63A}.Debug|Any CPU.ActiveCfg = Debug|Any CPU
		{7D55041D-BAB6-4AE0-A34F-9C4BB187D63A}.Debug|Any CPU.Build.0 = Debug|Any CPU
		{7D55041D-BAB6-4AE0-A34F-9C4BB187D63A}.Release|Any CPU.ActiveCfg = Release|Any CPU
		{7D55041D-BAB6-4AE0-A34F-9C4BB187D63A}.Release|Any CPU.Build.0 = Release|Any CPU
		{AA6392C9-C819-46C0-A7B5-4EC3C0D76796}.Debug|Any CPU.ActiveCfg = Debug|Any CPU
		{AA6392C9-C819-46C0-A7B5-4EC3C0D76796}.Debug|Any CPU.Build.0 = Debug|Any CPU
		{AA6392C9-C819-46C0-A7B5-4EC3C0D76796}.Release|Any CPU.ActiveCfg = Release|Any CPU
		{AA6392C9-C819-46C0-A7B5-4EC3C0D76796}.Release|Any CPU.Build.0 = Release|Any CPU
		{6B3D92B6-DCB5-4D52-AAE5-FC7022CF37A1}.Debug|Any CPU.ActiveCfg = Debug|Any CPU
		{6B3D92B6-DCB5-4D52-AAE5-FC7022CF37A1}.Debug|Any CPU.Build.0 = Debug|Any CPU
		{6B3D92B6-DCB5-4D52-AAE5-FC7022CF37A1}.Release|Any CPU.ActiveCfg = Release|Any CPU
		{6B3D92B6-DCB5-4D52-AAE5-FC7022CF37A1}.Release|Any CPU.Build.0 = Release|Any CPU
		{E988B1FA-030B-441D-9DC4-EFE264858D1D}.Debug|Any CPU.ActiveCfg = Debug|Any CPU
		{E988B1FA-030B-441D-9DC4-EFE264858D1D}.Debug|Any CPU.Build.0 = Debug|Any CPU
		{E988B1FA-030B-441D-9DC4-EFE264858D1D}.Release|Any CPU.ActiveCfg = Release|Any CPU
		{E988B1FA-030B-441D-9DC4-EFE264858D1D}.Release|Any CPU.Build.0 = Release|Any CPU
		{26644B70-2892-47BB-A860-91F6503B0C21}.Debug|Any CPU.ActiveCfg = Debug|Any CPU
		{26644B70-2892-47BB-A860-91F6503B0C21}.Debug|Any CPU.Build.0 = Debug|Any CPU
		{26644B70-2892-47BB-A860-91F6503B0C21}.Release|Any CPU.ActiveCfg = Release|Any CPU
		{26644B70-2892-47BB-A860-91F6503B0C21}.Release|Any CPU.Build.0 = Release|Any CPU
		{F1B43277-AEDF-4832-9CC6-95B8CD66C9D0}.Debug|Any CPU.ActiveCfg = Debug|Any CPU
		{F1B43277-AEDF-4832-9CC6-95B8CD66C9D0}.Debug|Any CPU.Build.0 = Debug|Any CPU
		{F1B43277-AEDF-4832-9CC6-95B8CD66C9D0}.Release|Any CPU.ActiveCfg = Release|Any CPU
		{F1B43277-AEDF-4832-9CC6-95B8CD66C9D0}.Release|Any CPU.Build.0 = Release|Any CPU
		{09D35059-60AA-40EE-A5A8-1D281235C5CD}.Debug|Any CPU.ActiveCfg = Debug|Any CPU
		{09D35059-60AA-40EE-A5A8-1D281235C5CD}.Debug|Any CPU.Build.0 = Debug|Any CPU
		{09D35059-60AA-40EE-A5A8-1D281235C5CD}.Release|Any CPU.ActiveCfg = Release|Any CPU
		{09D35059-60AA-40EE-A5A8-1D281235C5CD}.Release|Any CPU.Build.0 = Release|Any CPU
		{E2BFDDB7-C21D-48AF-8078-A5F3C268BF2B}.Debug|Any CPU.ActiveCfg = Debug|Any CPU
		{E2BFDDB7-C21D-48AF-8078-A5F3C268BF2B}.Debug|Any CPU.Build.0 = Debug|Any CPU
		{E2BFDDB7-C21D-48AF-8078-A5F3C268BF2B}.Release|Any CPU.ActiveCfg = Release|Any CPU
		{E2BFDDB7-C21D-48AF-8078-A5F3C268BF2B}.Release|Any CPU.Build.0 = Release|Any CPU
	EndGlobalSection
	GlobalSection(SolutionProperties) = preSolution
		HideSolutionNode = FALSE
	EndGlobalSection
	GlobalSection(NestedProjects) = preSolution
		{5FA88D21-D32A-E894-491F-FD4BD85CC68B} = {F62D975A-5469-4007-9931-68337015A75B}
		{6E4A6072-7A35-4378-DC7B-66EC22D63AB4} = {F62D975A-5469-4007-9931-68337015A75B}
		{CE16D51B-4816-EE2A-FEE2-3031DA916B1C} = {F62D975A-5469-4007-9931-68337015A75B}
		{59FC2917-3326-9D31-F6EC-AEC6E4F599EA} = {F62D975A-5469-4007-9931-68337015A75B}
		{DAF84485-A11B-CDD6-E244-3E9163F4CE1D} = {02EA681E-C7D8-13C7-8484-4AC65E1B71E8}
		{ACF2AE73-6B9D-439E-B68B-213E0DE04EBC} = {02EA681E-C7D8-13C7-8484-4AC65E1B71E8}
		{8638D51B-C838-B916-BDBC-21AB299F472A} = {02EA681E-C7D8-13C7-8484-4AC65E1B71E8}
		{17C7C933-AC09-C633-FF2D-D2C37D0F66E9} = {02EA681E-C7D8-13C7-8484-4AC65E1B71E8}
		{E11E9035-3AEA-0DF0-7CBC-2BB6D4B6153F} = {5E334CFC-42B7-4A6D-B598-5B0612E4E860}
		{5353DB00-3D3B-BC73-4999-43FBABA08430} = {5E334CFC-42B7-4A6D-B598-5B0612E4E860}
		{B3457B7B-24D2-09D6-D2FE-0A61DBA21E26} = {5E334CFC-42B7-4A6D-B598-5B0612E4E860}
		{179EC748-2B43-3812-623B-2F1BB77ACBE2} = {5E334CFC-42B7-4A6D-B598-5B0612E4E860}
		{DBE5C80A-B3B0-4E73-B6DC-69D67E454799} = {99164415-BA54-42E7-B139-83E85274D517}
		{F442A259-926B-4FE5-A0AF-61AD175C54D3} = {99164415-BA54-42E7-B139-83E85274D517}
		{7D55041D-BAB6-4AE0-A34F-9C4BB187D63A} = {99164415-BA54-42E7-B139-83E85274D517}
		{AA6392C9-C819-46C0-A7B5-4EC3C0D76796} = {99164415-BA54-42E7-B139-83E85274D517}
		{E988B1FA-030B-441D-9DC4-EFE264858D1D} = {547F36F0-8825-47FA-8B50-532634381C53}
		{26644B70-2892-47BB-A860-91F6503B0C21} = {547F36F0-8825-47FA-8B50-532634381C53}
		{F1B43277-AEDF-4832-9CC6-95B8CD66C9D0} = {547F36F0-8825-47FA-8B50-532634381C53}
		{09D35059-60AA-40EE-A5A8-1D281235C5CD} = {547F36F0-8825-47FA-8B50-532634381C53}
		{E2BFDDB7-C21D-48AF-8078-A5F3C268BF2B} = {02EA681E-C7D8-13C7-8484-4AC65E1B71E8}
	EndGlobalSection
	GlobalSection(ExtensibilityGlobals) = postSolution
		SolutionGuid = {632F3A2A-A628-423D-9210-E8A9C5B93DAC}
	EndGlobalSection
EndGlobal
